
Microsoft Visual Studio Solution File, Format Version 12.00
# Visual Studio 15
VisualStudioVersion = 15.0.28307.1209
MinimumVisualStudioVersion = 10.0.40219.1
Project("{FAE04EC0-301F-11D3-BF4B-00C04F79EFBC}") = "EssentialTraining", "EssentialTraining\EssentialTraining.csproj", "{BC9968B3-923A-423E-9E68-1EC348A2E9C1}"
EndProject
Project("{FAE04EC0-301F-11D3-BF4B-00C04F79EFBC}") = "EssentailTrainingTests", "EssentailTrainingTests\EssentailTrainingTests.csproj", "{33A84291-C6AD-44AA-9B81-3252DDA98E1A}"
EndProject
Global
	GlobalSection(SolutionConfigurationPlatforms) = preSolution
		Debug|Any CPU = Debug|Any CPU
		Release|Any CPU = Release|Any CPU
	EndGlobalSection
	GlobalSection(ProjectConfigurationPlatforms) = postSolution
		{BC9968B3-923A-423E-9E68-1EC348A2E9C1}.Debug|Any CPU.ActiveCfg = Debug|Any CPU
		{BC9968B3-923A-423E-9E68-1EC348A2E9C1}.Debug|Any CPU.Build.0 = Debug|Any CPU
		{BC9968B3-923A-423E-9E68-1EC348A2E9C1}.Release|Any CPU.ActiveCfg = Release|Any CPU
		{BC9968B3-923A-423E-9E68-1EC348A2E9C1}.Release|Any CPU.Build.0 = Release|Any CPU
		{33A84291-C6AD-44AA-9B81-3252DDA98E1A}.Debug|Any CPU.ActiveCfg = Debug|Any CPU
		{33A84291-C6AD-44AA-9B81-3252DDA98E1A}.Debug|Any CPU.Build.0 = Debug|Any CPU
		{33A84291-C6AD-44AA-9B81-3252DDA98E1A}.Release|Any CPU.ActiveCfg = Release|Any CPU
		{33A84291-C6AD-44AA-9B81-3252DDA98E1A}.Release|Any CPU.Build.0 = Release|Any CPU
	EndGlobalSection
	GlobalSection(SolutionProperties) = preSolution
		HideSolutionNode = FALSE
	EndGlobalSection
	GlobalSection(ExtensibilityGlobals) = postSolution
		SolutionGuid = {3EB6292C-414C-49A3-8071-95334AB65CAC}
	EndGlobalSection
EndGlobal
